
Microsoft Visual Studio Solution File, Format Version 12.00
# Visual Studio Version 16
VisualStudioVersion = 16.0.30503.244
MinimumVisualStudioVersion = 10.0.40219.1
Project("{FAE04EC0-301F-11D3-BF4B-00C04F79EFBC}") = "PyramidSum", "PyramidSum\PyramidSum.csproj", "{03E92516-EB5B-455B-87C8-26976B93EECE}"
EndProject
Global
	GlobalSection(SolutionConfigurationPlatforms) = preSolution
		Debug|Any CPU = Debug|Any CPU
		Release|Any CPU = Release|Any CPU
	EndGlobalSection
	GlobalSection(ProjectConfigurationPlatforms) = postSolution
		{03E92516-EB5B-455B-87C8-26976B93EECE}.Debug|Any CPU.ActiveCfg = Debug|Any CPU
		{03E92516-EB5B-455B-87C8-26976B93EECE}.Debug|Any CPU.Build.0 = Debug|Any CPU
		{03E92516-EB5B-455B-87C8-26976B93EECE}.Release|Any CPU.ActiveCfg = Release|Any CPU
		{03E92516-EB5B-455B-87C8-26976B93EECE}.Release|Any CPU.Build.0 = Release|Any CPU
	EndGlobalSection
	GlobalSection(SolutionProperties) = preSolution
		HideSolutionNode = FALSE
	EndGlobalSection
	GlobalSection(ExtensibilityGlobals) = postSolution
		SolutionGuid = {D41989F0-5711-4D6E-A8E1-FCFB16DF66A7}
	EndGlobalSection
EndGlobal
